
Microsoft Visual Studio Solution File, Format Version 12.00
# Visual Studio Version 17
VisualStudioVersion = 17.7.34018.315
MinimumVisualStudioVersion = 10.0.40219.1
Project("{FAE04EC0-301F-11D3-BF4B-00C04F79EFBC}") = "ZH2konzi", "ZH2konzi\ZH2konzi.csproj", "{2F200FA4-EFC0-465D-A584-703AE8C184BB}"
EndProject
Global
	GlobalSection(SolutionConfigurationPlatforms) = preSolution
		Debug|Any CPU = Debug|Any CPU
		Release|Any CPU = Release|Any CPU
	EndGlobalSection
	GlobalSection(ProjectConfigurationPlatforms) = postSolution
		{2F200FA4-EFC0-465D-A584-703AE8C184BB}.Debug|Any CPU.ActiveCfg = Debug|Any CPU
		{2F200FA4-EFC0-465D-A584-703AE8C184BB}.Debug|Any CPU.Build.0 = Debug|Any CPU
		{2F200FA4-EFC0-465D-A584-703AE8C184BB}.Debug|Any CPU.Deploy.0 = Debug|Any CPU
		{2F200FA4-EFC0-465D-A584-703AE8C184BB}.Release|Any CPU.ActiveCfg = Release|Any CPU
		{2F200FA4-EFC0-465D-A584-703AE8C184BB}.Release|Any CPU.Build.0 = Release|Any CPU
		{2F200FA4-EFC0-465D-A584-703AE8C184BB}.Release|Any CPU.Deploy.0 = Release|Any CPU
	EndGlobalSection
	GlobalSection(SolutionProperties) = preSolution
		HideSolutionNode = FALSE
	EndGlobalSection
	GlobalSection(ExtensibilityGlobals) = postSolution
		SolutionGuid = {65725450-4A51-4740-9589-7F5D2C606D24}
	EndGlobalSection
EndGlobal
