
Microsoft Visual Studio Solution File, Format Version 12.00
# Visual Studio Version 17
VisualStudioVersion = 17.7.34024.191
MinimumVisualStudioVersion = 10.0.40219.1
Project("{FAE04EC0-301F-11D3-BF4B-00C04F79EFBC}") = "Serialization", "Serialization.csproj", "{CEBDCFF9-9C13-40BE-8400-2308D7B665A6}"
EndProject
Global
	GlobalSection(SolutionConfigurationPlatforms) = preSolution
		Debug|Any CPU = Debug|Any CPU
		Release|Any CPU = Release|Any CPU
	EndGlobalSection
	GlobalSection(ProjectConfigurationPlatforms) = postSolution
		{CEBDCFF9-9C13-40BE-8400-2308D7B665A6}.Debug|Any CPU.ActiveCfg = Debug|Any CPU
		{CEBDCFF9-9C13-40BE-8400-2308D7B665A6}.Debug|Any CPU.Build.0 = Debug|Any CPU
		{CEBDCFF9-9C13-40BE-8400-2308D7B665A6}.Release|Any CPU.ActiveCfg = Release|Any CPU
		{CEBDCFF9-9C13-40BE-8400-2308D7B665A6}.Release|Any CPU.Build.0 = Release|Any CPU
	EndGlobalSection
	GlobalSection(SolutionProperties) = preSolution
		HideSolutionNode = FALSE
	EndGlobalSection
	GlobalSection(ExtensibilityGlobals) = postSolution
		SolutionGuid = {6A8DE2D0-8118-4A54-ADD4-DA220CEA45BB}
	EndGlobalSection
EndGlobal
