
Microsoft Visual Studio Solution File, Format Version 12.00
# Visual Studio Version 17
VisualStudioVersion = 17.7.34024.191
MinimumVisualStudioVersion = 10.0.40219.1
Project("{FAE04EC0-301F-11D3-BF4B-00C04F79EFBC}") = "RegexProbak", "RegexProbak.csproj", "{46AEECAB-9BC2-4B70-BDD5-0D6E6122D418}"
EndProject
Global
	GlobalSection(SolutionConfigurationPlatforms) = preSolution
		Debug|Any CPU = Debug|Any CPU
		Release|Any CPU = Release|Any CPU
	EndGlobalSection
	GlobalSection(ProjectConfigurationPlatforms) = postSolution
		{46AEECAB-9BC2-4B70-BDD5-0D6E6122D418}.Debug|Any CPU.ActiveCfg = Debug|Any CPU
		{46AEECAB-9BC2-4B70-BDD5-0D6E6122D418}.Debug|Any CPU.Build.0 = Debug|Any CPU
		{46AEECAB-9BC2-4B70-BDD5-0D6E6122D418}.Release|Any CPU.ActiveCfg = Release|Any CPU
		{46AEECAB-9BC2-4B70-BDD5-0D6E6122D418}.Release|Any CPU.Build.0 = Release|Any CPU
	EndGlobalSection
	GlobalSection(SolutionProperties) = preSolution
		HideSolutionNode = FALSE
	EndGlobalSection
	GlobalSection(ExtensibilityGlobals) = postSolution
		SolutionGuid = {DC11A9F0-FD1F-4E1C-AE16-AD3321B2AC25}
	EndGlobalSection
EndGlobal
